# IRIP 依赖锁定文件（F-18: 依赖锁定）
#
# 注意：此文件当前为手动维护版本，未包含 hash 校验。
# 后续应通过 CI 自动生成带 hash 的锁文件以确保可复现性。
# 生成命令: uv pip compile pyproject.toml -o requirements.lock --generate-hashes
#
# 当 uv 可用时，优先使用 uv.lock（已包含 hash）替代此文件。
# 重新生成命令: uv lock
#
# H-11 整改：cryptography 约束已从 <44 放开为 >=44，
# 需要重新运行 uv lock 或 pip compile 以生成完整的带 hash 锁文件。

fastapi==0.115.6
uvicorn[standard]==0.34.0
sqlalchemy[asyncio]==2.0.36
alembic==1.14.0
asyncpg==0.30.0
psycopg[binary]==3.2.3
pydantic==2.10.4
pydantic-settings==2.7.0
redis==5.2.1
celery==5.4.0
httpx==0.28.1
openpyxl==3.1.5
pdfplumber==0.11.4
pyyaml==6.0.2
structlog==24.4.0
prometheus-client==0.21.1
cryptography==44.0.0
python-jose[cryptography]==3.3.0
python-multipart==0.0.20
